
Microsoft Visual Studio Solution File, Format Version 12.00
# Visual Studio Version 17
VisualStudioVersion = 17.13.35931.197 d17.13
MinimumVisualStudioVersion = 10.0.40219.1
Project("{FAE04EC0-301F-11D3-BF4B-00C04F79EFBC}") = "StatePulse.NET", "StatePulse.NET.csproj", "{F34CB5B3-0CA2-4608-B3B0-84962C005394}"
EndProject
Project("{FAE04EC0-301F-11D3-BF4B-00C04F79EFBC}") = "StatePulse.NET.Tests", "..\StatPulse.NET.Tests\StatePulse.NET.Tests.csproj", "{7042916E-496D-4C7C-BD7B-F63196EC3BDD}"
EndProject
Global
	GlobalSection(SolutionConfigurationPlatforms) = preSolution
		Debug|Any CPU = Debug|Any CPU
		Release|Any CPU = Release|Any CPU
	EndGlobalSection
	GlobalSection(ProjectConfigurationPlatforms) = postSolution
		{F34CB5B3-0CA2-4608-B3B0-84962C005394}.Debug|Any CPU.ActiveCfg = Debug|Any CPU
		{F34CB5B3-0CA2-4608-B3B0-84962C005394}.Debug|Any CPU.Build.0 = Debug|Any CPU
		{F34CB5B3-0CA2-4608-B3B0-84962C005394}.Release|Any CPU.ActiveCfg = Release|Any CPU
		{F34CB5B3-0CA2-4608-B3B0-84962C005394}.Release|Any CPU.Build.0 = Release|Any CPU
		{7042916E-496D-4C7C-BD7B-F63196EC3BDD}.Debug|Any CPU.ActiveCfg = Debug|Any CPU
		{7042916E-496D-4C7C-BD7B-F63196EC3BDD}.Debug|Any CPU.Build.0 = Debug|Any CPU
		{7042916E-496D-4C7C-BD7B-F63196EC3BDD}.Release|Any CPU.ActiveCfg = Release|Any CPU
		{7042916E-496D-4C7C-BD7B-F63196EC3BDD}.Release|Any CPU.Build.0 = Release|Any CPU
	EndGlobalSection
	GlobalSection(SolutionProperties) = preSolution
		HideSolutionNode = FALSE
	EndGlobalSection
	GlobalSection(ExtensibilityGlobals) = postSolution
		SolutionGuid = {581738A4-3D44-4B10-82D9-9C70125D0CDD}
	EndGlobalSection
EndGlobal
