
Microsoft Visual Studio Solution File, Format Version 12.00
# Visual Studio Version 18
VisualStudioVersion = 18.0.11222.15
MinimumVisualStudioVersion = 10.0.40219.1
Project("{2150E333-8FDC-42A3-9474-1A3956D46DE8}") = "Solution Items", "Solution Items", "{8EC462FD-D22E-90A8-E5CE-7E832BA40C5D}"
	ProjectSection(SolutionItems) = preProject
		.editorconfig = .editorconfig
		..\.github\workflows\ci.yml = ..\.github\workflows\ci.yml
		..\.github\workflows\deploy.yml = ..\.github\workflows\deploy.yml
		..\README.md = ..\README.md
	EndProjectSection
EndProject
Project("{FAE04EC0-301F-11D3-BF4B-00C04F79EFBC}") = "StatePulse.NET.Tests", "..\tests\StatPulse.NET.Tests\StatePulse.NET.Tests.csproj", "{07ED17B2-BD3A-94F4-FA85-43E768FAF9F0}"
EndProject
Project("{FAE04EC0-301F-11D3-BF4B-00C04F79EFBC}") = "StatePulse.NET", "StatePulse.NET\StatePulse.NET.csproj", "{001E330A-2F3E-D401-1119-2C5AEC9243AA}"
EndProject
Project("{FAE04EC0-301F-11D3-BF4B-00C04F79EFBC}") = "StatePulse.Net.Abstractions", "StatePulse.Net.Abstractions\StatePulse.Net.Abstractions.csproj", "{EEC112B4-18B6-414F-BC15-F525B2C90AEF}"
EndProject
Project("{FAE04EC0-301F-11D3-BF4B-00C04F79EFBC}") = "StatePulse.Net.BlazorServerTest", "StatePulse.Net.BlazorServerTest\StatePulse.Net.BlazorServerTest\StatePulse.Net.BlazorServerTest.csproj", "{91D39E25-8E38-45A0-A0BD-E59AC72EA507}"
EndProject
Project("{FAE04EC0-301F-11D3-BF4B-00C04F79EFBC}") = "StatePulse.Net.BlazorServerTest.Client", "StatePulse.Net.BlazorServerTest\StatePulse.Net.BlazorServerTest.Client\StatePulse.Net.BlazorServerTest.Client.csproj", "{DCB8495F-3B22-4797-A027-C61850527E2B}"
EndProject
Project("{FAE04EC0-301F-11D3-BF4B-00C04F79EFBC}") = "StatePulse.Net.Benchmark", "StatePulse.Net.Benchmark\StatePulse.Net.Benchmark.csproj", "{1608523F-D5DA-4C8D-AF14-F89565929876}"
EndProject
Global
	GlobalSection(SolutionConfigurationPlatforms) = preSolution
		Debug|Any CPU = Debug|Any CPU
		Release|Any CPU = Release|Any CPU
	EndGlobalSection
	GlobalSection(ProjectConfigurationPlatforms) = postSolution
		{07ED17B2-BD3A-94F4-FA85-43E768FAF9F0}.Debug|Any CPU.ActiveCfg = Debug|Any CPU
		{07ED17B2-BD3A-94F4-FA85-43E768FAF9F0}.Debug|Any CPU.Build.0 = Debug|Any CPU
		{07ED17B2-BD3A-94F4-FA85-43E768FAF9F0}.Release|Any CPU.ActiveCfg = Release|Any CPU
		{07ED17B2-BD3A-94F4-FA85-43E768FAF9F0}.Release|Any CPU.Build.0 = Release|Any CPU
		{001E330A-2F3E-D401-1119-2C5AEC9243AA}.Debug|Any CPU.ActiveCfg = Debug|Any CPU
		{001E330A-2F3E-D401-1119-2C5AEC9243AA}.Debug|Any CPU.Build.0 = Debug|Any CPU
		{001E330A-2F3E-D401-1119-2C5AEC9243AA}.Release|Any CPU.ActiveCfg = Release|Any CPU
		{001E330A-2F3E-D401-1119-2C5AEC9243AA}.Release|Any CPU.Build.0 = Release|Any CPU
		{EEC112B4-18B6-414F-BC15-F525B2C90AEF}.Debug|Any CPU.ActiveCfg = Debug|Any CPU
		{EEC112B4-18B6-414F-BC15-F525B2C90AEF}.Debug|Any CPU.Build.0 = Debug|Any CPU
		{EEC112B4-18B6-414F-BC15-F525B2C90AEF}.Release|Any CPU.ActiveCfg = Release|Any CPU
		{EEC112B4-18B6-414F-BC15-F525B2C90AEF}.Release|Any CPU.Build.0 = Release|Any CPU
		{91D39E25-8E38-45A0-A0BD-E59AC72EA507}.Debug|Any CPU.ActiveCfg = Debug|Any CPU
		{91D39E25-8E38-45A0-A0BD-E59AC72EA507}.Debug|Any CPU.Build.0 = Debug|Any CPU
		{91D39E25-8E38-45A0-A0BD-E59AC72EA507}.Release|Any CPU.ActiveCfg = Release|Any CPU
		{91D39E25-8E38-45A0-A0BD-E59AC72EA507}.Release|Any CPU.Build.0 = Release|Any CPU
		{DCB8495F-3B22-4797-A027-C61850527E2B}.Debug|Any CPU.ActiveCfg = Debug|Any CPU
		{DCB8495F-3B22-4797-A027-C61850527E2B}.Debug|Any CPU.Build.0 = Debug|Any CPU
		{DCB8495F-3B22-4797-A027-C61850527E2B}.Release|Any CPU.ActiveCfg = Release|Any CPU
		{DCB8495F-3B22-4797-A027-C61850527E2B}.Release|Any CPU.Build.0 = Release|Any CPU
		{1608523F-D5DA-4C8D-AF14-F89565929876}.Debug|Any CPU.ActiveCfg = Debug|Any CPU
		{1608523F-D5DA-4C8D-AF14-F89565929876}.Debug|Any CPU.Build.0 = Debug|Any CPU
		{1608523F-D5DA-4C8D-AF14-F89565929876}.Release|Any CPU.ActiveCfg = Release|Any CPU
		{1608523F-D5DA-4C8D-AF14-F89565929876}.Release|Any CPU.Build.0 = Release|Any CPU
	EndGlobalSection
	GlobalSection(SolutionProperties) = preSolution
		HideSolutionNode = FALSE
	EndGlobalSection
	GlobalSection(ExtensibilityGlobals) = postSolution
		SolutionGuid = {581738A4-3D44-4B10-82D9-9C70125D0CDD}
	EndGlobalSection
EndGlobal
